<?xml version="1.0" encoding="utf-8"?>
<Project ToolsVersion="4.0" xmlns="http://schemas.microsoft.com/developer/msbuild/2003">
  <ItemGroup>
    <Filter Include="Source Files">
      <UniqueIdentifier>{4FC737F1-C7A5-4376-A066-2A32D752A2FF}</UniqueIdentifier>
      <Extensions>cpp;c;cc;cxx;def;odl;idl;hpj;bat;asm;asmx</Extensions>
    </Filter>
    <Filter Include="Header Files">
      <UniqueIdentifier>{93995380-89BD-4b04-88EB-625FBE52EBFB}</UniqueIdentifier>
      <Extensions>h;hh;hpp;hxx;hm;inl;inc;xsd</Extensions>
    </Filter>
    <Filter Include="Resource Files">
      <UniqueIdentifier>{67DA6AB6-F800-4c08-8B7A-83BB121AAD01}</UniqueIdentifier>
      <Extensions>rc;ico;cur;bmp;dlg;rc2;rct;bin;rgs;gif;jpg;jpeg;jpe;resx;tiff;tif;png;wav;mfcribbon-ms</Extensions>
    </Filter>
  </ItemGroup>
  <ItemGroup>
    <ClInclude Include="deps\include\Animation.h">
      <Filter>Header Files</Filter>
    </ClInclude>
    <ClInclude Include="deps\include\Asset.h">
      <Filter>Header Files</Filter>
    </ClInclude>
    <ClInclude Include="deps\include\BaseComponent.h">
      <Filter>Header Files</Filter>
    </ClInclude>
    <ClInclude Include="deps\include\Clip.h">
      <Filter>Header Files</Filter>
    </ClInclude>
    <ClInclude Include="deps\include\Collision2D.h">
      <Filter>Header Files</Filter>
    </ClInclude>
    <ClInclude Include="deps\include\Collision2DGrid.h">
      <Filter>Header Files</Filter>
    </ClInclude>
    <ClInclude Include="deps\include\Collision2DQuadTree.h">
      <Filter>Header Files</Filter>
    </ClInclude>
    <ClInclude Include="deps\include\Component.h">
      <Filter>Header Files</Filter>
    </ClInclude>
    <ClInclude Include="deps\include\Controller.h">
      <Filter>Header Files</Filter>
    </ClInclude>
    <ClInclude Include="deps\include\Draw.h">
      <Filter>Header Files</Filter>
    </ClInclude>
    <ClInclude Include="deps\include\DrawBatch.h">
      <Filter>Header Files</Filter>
    </ClInclude>
    <ClInclude Include="deps\include\Frame.h">
      <Filter>Header Files</Filter>
    </ClInclude>
    <ClInclude Include="deps\include\Framerate.h">
      <Filter>Header Files</Filter>
    </ClInclude>
    <ClInclude Include="deps\include\IContainer.h">
      <Filter>Header Files</Filter>
    </ClInclude>
    <ClInclude Include="deps\include\Input.h">
      <Filter>Header Files</Filter>
    </ClInclude>
    <ClInclude Include="deps\include\IPlayable.h">
      <Filter>Header Files</Filter>
    </ClInclude>
    <ClInclude Include="deps\include\Message.h">
      <Filter>Header Files</Filter>
    </ClInclude>
    <ClInclude Include="deps\include\Misc.h">
      <Filter>Header Files</Filter>
    </ClInclude>
    <ClInclude Include="deps\include\Player.h">
      <Filter>Header Files</Filter>
    </ClInclude>
    <ClInclude Include="deps\include\Sequence.h">
      <Filter>Header Files</Filter>
    </ClInclude>
    <ClInclude Include="deps\include\SpriteFX.h">
      <Filter>Header Files</Filter>
    </ClInclude>
    <ClInclude Include="deps\include\Tween.h">
      <Filter>Header Files</Filter>
    </ClInclude>
    <ClInclude Include="deps\include\Window.h">
      <Filter>Header Files</Filter>
    </ClInclude>
    <ClInclude Include="deps\include\World2D.h">
      <Filter>Header Files</Filter>
    </ClInclude>
    <ClInclude Include="deps\include\ClipEngine.h">
      <Filter>Header Files</Filter>
    </ClInclude>
    <ClInclude Include="deps\include\FileData.h">
      <Filter>Header Files</Filter>
    </ClInclude>
    <ClInclude Include="deps\include\Sound.h">
      <Filter>Header Files</Filter>
    </ClInclude>
  </ItemGroup>
  <ItemGroup>
    <None Include="deps\include\Misc.inl">
      <Filter>Header Files</Filter>
    </None>
    <None Include="packages.config" />
  </ItemGroup>
  <ItemGroup>
    <ClCompile Include="deps\src\Animation.cpp">
      <Filter>Source Files</Filter>
    </ClCompile>
    <ClCompile Include="deps\src\Asset.cpp">
      <Filter>Source Files</Filter>
    </ClCompile>
    <ClCompile Include="deps\src\BaseComponent.cpp">
      <Filter>Source Files</Filter>
    </ClCompile>
    <ClCompile Include="deps\src\Clip.cpp">
      <Filter>Source Files</Filter>
    </ClCompile>
    <ClCompile Include="deps\src\Collision2D.cpp">
      <Filter>Source Files</Filter>
    </ClCompile>
    <ClCompile Include="deps\src\Component.cpp">
      <Filter>Source Files</Filter>
    </ClCompile>
    <ClCompile Include="deps\src\Controller.cpp">
      <Filter>Source Files</Filter>
    </ClCompile>
    <ClCompile Include="deps\src\Draw.cpp">
      <Filter>Source Files</Filter>
    </ClCompile>
    <ClCompile Include="deps\src\DrawBatch.cpp">
      <Filter>Source Files</Filter>
    </ClCompile>
    <ClCompile Include="deps\src\Framerate.cpp">
      <Filter>Source Files</Filter>
    </ClCompile>
    <ClCompile Include="deps\src\Misc.cpp">
      <Filter>Source Files</Filter>
    </ClCompile>
    <ClCompile Include="deps\src\Player.cpp">
      <Filter>Source Files</Filter>
    </ClCompile>
    <ClCompile Include="deps\src\Sequence.cpp">
      <Filter>Source Files</Filter>
    </ClCompile>
    <ClCompile Include="deps\src\SpriteFX.cpp">
      <Filter>Source Files</Filter>
    </ClCompile>
    <ClCompile Include="deps\src\Tween.cpp">
      <Filter>Source Files</Filter>
    </ClCompile>
    <ClCompile Include="deps\src\Window.cpp">
      <Filter>Source Files</Filter>
    </ClCompile>
    <ClCompile Include="deps\src\ClipEngine.cpp">
      <Filter>Source Files</Filter>
    </ClCompile>
    <ClCompile Include="deps\src\Collision2DGrid.cpp">
      <Filter>Source Files</Filter>
    </ClCompile>
    <ClCompile Include="deps\src\FileData.cpp">
      <Filter>Source Files</Filter>
    </ClCompile>
  </ItemGroup>
</Project>